
Microsoft Visual Studio Solution File, Format Version 12.00
# Visual Studio Version 17
VisualStudioVersion = 17.13.35931.197 d17.13
MinimumVisualStudioVersion = 10.0.40219.1
Project("{FAE04EC0-301F-11D3-BF4B-00C04F79EFBC}") = "personapi-dotnet", "personapi-dotnet\personapi-dotnet.csproj", "{5511B65D-1469-4901-AAAF-F7ADA2EF4CD5}"
EndProject
Global
	GlobalSection(SolutionConfigurationPlatforms) = preSolution
		Debug|Any CPU = Debug|Any CPU
		Release|Any CPU = Release|Any CPU
	EndGlobalSection
	GlobalSection(ProjectConfigurationPlatforms) = postSolution
		{5511B65D-1469-4901-AAAF-F7ADA2EF4CD5}.Debug|Any CPU.ActiveCfg = Debug|Any CPU
		{5511B65D-1469-4901-AAAF-F7ADA2EF4CD5}.Debug|Any CPU.Build.0 = Debug|Any CPU
		{5511B65D-1469-4901-AAAF-F7ADA2EF4CD5}.Release|Any CPU.ActiveCfg = Release|Any CPU
		{5511B65D-1469-4901-AAAF-F7ADA2EF4CD5}.Release|Any CPU.Build.0 = Release|Any CPU
	EndGlobalSection
	GlobalSection(SolutionProperties) = preSolution
		HideSolutionNode = FALSE
	EndGlobalSection
	GlobalSection(ExtensibilityGlobals) = postSolution
		SolutionGuid = {0E9B48BE-81D3-488D-8859-3910CE488F7B}
	EndGlobalSection
EndGlobal
